
Microsoft Visual Studio Solution File, Format Version 12.00
# Visual Studio 15
Project("{FAE04EC0-301F-11D3-BF4B-00C04F79EFBC}") = "Assembly-CSharp", "Assembly-CSharp.csproj", "{17F7AC19-B87B-4FBC-AD47-CBE1A80345CA}"
EndProject
Project("{FAE04EC0-301F-11D3-BF4B-00C04F79EFBC}") = "Assembly-CSharp-firstpass", "Assembly-CSharp-firstpass.csproj", "{682A0B55-0211-5294-D462-DFBD11442750}"
EndProject
Global
	GlobalSection(SolutionConfigurationPlatforms) = preSolution
		Debug|Any CPU = Debug|Any CPU
		Release|Any CPU = Release|Any CPU
	EndGlobalSection
	GlobalSection(ProjectConfigurationPlatforms) = postSolution
		{17F7AC19-B87B-4FBC-AD47-CBE1A80345CA}.Debug|Any CPU.ActiveCfg = Debug|Any CPU
		{17F7AC19-B87B-4FBC-AD47-CBE1A80345CA}.Debug|Any CPU.Build.0 = Debug|Any CPU
		{17F7AC19-B87B-4FBC-AD47-CBE1A80345CA}.Release|Any CPU.ActiveCfg = Release|Any CPU
		{17F7AC19-B87B-4FBC-AD47-CBE1A80345CA}.Release|Any CPU.Build.0 = Release|Any CPU
		{682A0B55-0211-5294-D462-DFBD11442750}.Debug|Any CPU.ActiveCfg = Debug|Any CPU
		{682A0B55-0211-5294-D462-DFBD11442750}.Debug|Any CPU.Build.0 = Debug|Any CPU
		{682A0B55-0211-5294-D462-DFBD11442750}.Release|Any CPU.ActiveCfg = Release|Any CPU
		{682A0B55-0211-5294-D462-DFBD11442750}.Release|Any CPU.Build.0 = Release|Any CPU
	EndGlobalSection
	GlobalSection(SolutionProperties) = preSolution
		HideSolutionNode = FALSE
	EndGlobalSection
EndGlobal
